
Microsoft Visual Studio Solution File, Format Version 12.00
# Visual Studio Version 17
VisualStudioVersion = 17.1.32414.318
MinimumVisualStudioVersion = 10.0.40219.1
Project("{FAE04EC0-301F-11D3-BF4B-00C04F79EFBC}") = "restful-webservice", "restful-webservice\restful-webservice.csproj", "{C71E9661-974B-41A5-8721-20E95995C543}"
EndProject
Global
	GlobalSection(SolutionConfigurationPlatforms) = preSolution
		Debug|Any CPU = Debug|Any CPU
		Release|Any CPU = Release|Any CPU
	EndGlobalSection
	GlobalSection(ProjectConfigurationPlatforms) = postSolution
		{C71E9661-974B-41A5-8721-20E95995C543}.Debug|Any CPU.ActiveCfg = Debug|Any CPU
		{C71E9661-974B-41A5-8721-20E95995C543}.Debug|Any CPU.Build.0 = Debug|Any CPU
		{C71E9661-974B-41A5-8721-20E95995C543}.Release|Any CPU.ActiveCfg = Release|Any CPU
		{C71E9661-974B-41A5-8721-20E95995C543}.Release|Any CPU.Build.0 = Release|Any CPU
	EndGlobalSection
	GlobalSection(SolutionProperties) = preSolution
		HideSolutionNode = FALSE
	EndGlobalSection
	GlobalSection(ExtensibilityGlobals) = postSolution
		SolutionGuid = {F7E78481-40EF-4C6C-ADA5-50425E4B1430}
	EndGlobalSection
EndGlobal
